
Microsoft Visual Studio Solution File, Format Version 12.00
# Visual Studio Version 17
VisualStudioVersion = 17.3.32922.545
MinimumVisualStudioVersion = 10.0.40219.1
Project("{8BC9CEB8-8B4A-11D0-8D11-00A0C91BC942}") = "PR4", "PR4\PR4.vcxproj", "{2B9F8633-9710-4F67-8F9C-E2C47E2A677D}"
EndProject
Global
	GlobalSection(SolutionConfigurationPlatforms) = preSolution
		Debug|x64 = Debug|x64
		Debug|x86 = Debug|x86
		Release|x64 = Release|x64
		Release|x86 = Release|x86
	EndGlobalSection
	GlobalSection(ProjectConfigurationPlatforms) = postSolution
		{2B9F8633-9710-4F67-8F9C-E2C47E2A677D}.Debug|x64.ActiveCfg = Debug|x64
		{2B9F8633-9710-4F67-8F9C-E2C47E2A677D}.Debug|x64.Build.0 = Debug|x64
		{2B9F8633-9710-4F67-8F9C-E2C47E2A677D}.Debug|x86.ActiveCfg = Debug|Win32
		{2B9F8633-9710-4F67-8F9C-E2C47E2A677D}.Debug|x86.Build.0 = Debug|Win32
		{2B9F8633-9710-4F67-8F9C-E2C47E2A677D}.Release|x64.ActiveCfg = Release|x64
		{2B9F8633-9710-4F67-8F9C-E2C47E2A677D}.Release|x64.Build.0 = Release|x64
		{2B9F8633-9710-4F67-8F9C-E2C47E2A677D}.Release|x86.ActiveCfg = Release|Win32
		{2B9F8633-9710-4F67-8F9C-E2C47E2A677D}.Release|x86.Build.0 = Release|Win32
	EndGlobalSection
	GlobalSection(SolutionProperties) = preSolution
		HideSolutionNode = FALSE
	EndGlobalSection
	GlobalSection(ExtensibilityGlobals) = postSolution
		SolutionGuid = {36D67ADA-2016-44E6-AD7B-8FCF013F9CC7}
	EndGlobalSection
EndGlobal
